
Microsoft Visual Studio Solution File, Format Version 12.00
# Visual Studio Version 16
VisualStudioVersion = 16.0.35425.106
MinimumVisualStudioVersion = 10.0.40219.1
Project("{FAE04EC0-301F-11D3-BF4B-00C04F79EFBC}") = "CrosshairOverlay01", "CrosshairOverlay01\CrosshairOverlay01.csproj", "{EBCCA32E-3CFA-4E80-AD64-DF237D764EF9}"
EndProject
Global
	GlobalSection(SolutionConfigurationPlatforms) = preSolution
		Debug|Any CPU = Debug|Any CPU
		Release|Any CPU = Release|Any CPU
	EndGlobalSection
	GlobalSection(ProjectConfigurationPlatforms) = postSolution
		{EBCCA32E-3CFA-4E80-AD64-DF237D764EF9}.Debug|Any CPU.ActiveCfg = Debug|Any CPU
		{EBCCA32E-3CFA-4E80-AD64-DF237D764EF9}.Debug|Any CPU.Build.0 = Debug|Any CPU
		{EBCCA32E-3CFA-4E80-AD64-DF237D764EF9}.Release|Any CPU.ActiveCfg = Release|Any CPU
		{EBCCA32E-3CFA-4E80-AD64-DF237D764EF9}.Release|Any CPU.Build.0 = Release|Any CPU
	EndGlobalSection
	GlobalSection(SolutionProperties) = preSolution
		HideSolutionNode = FALSE
	EndGlobalSection
	GlobalSection(ExtensibilityGlobals) = postSolution
		SolutionGuid = {D4E1F830-AB1C-44A6-896E-B8E3C8FCC949}
	EndGlobalSection
EndGlobal
